
Microsoft Visual Studio Solution File, Format Version 12.00
# Visual Studio Version 17
VisualStudioVersion = 17.7.34031.279
MinimumVisualStudioVersion = 10.0.40219.1
Project("{FAE04EC0-301F-11D3-BF4B-00C04F79EFBC}") = "CRUD-EF-CORE", "CRUD-EF-CORE\CRUD-EF-CORE.csproj", "{2EB11AC6-A6E3-48A4-B787-F92BB31F837D}"
EndProject
Global
	GlobalSection(SolutionConfigurationPlatforms) = preSolution
		Debug|Any CPU = Debug|Any CPU
		Release|Any CPU = Release|Any CPU
	EndGlobalSection
	GlobalSection(ProjectConfigurationPlatforms) = postSolution
		{2EB11AC6-A6E3-48A4-B787-F92BB31F837D}.Debug|Any CPU.ActiveCfg = Debug|Any CPU
		{2EB11AC6-A6E3-48A4-B787-F92BB31F837D}.Debug|Any CPU.Build.0 = Debug|Any CPU
		{2EB11AC6-A6E3-48A4-B787-F92BB31F837D}.Release|Any CPU.ActiveCfg = Release|Any CPU
		{2EB11AC6-A6E3-48A4-B787-F92BB31F837D}.Release|Any CPU.Build.0 = Release|Any CPU
	EndGlobalSection
	GlobalSection(SolutionProperties) = preSolution
		HideSolutionNode = FALSE
	EndGlobalSection
	GlobalSection(ExtensibilityGlobals) = postSolution
		SolutionGuid = {92E8301B-CDCF-42D9-91FB-B60C9C59AC15}
	EndGlobalSection
EndGlobal
